// !$*UTF8*$!
{
	archiveVersion = 1;
	classes = {
	};
	objectVersion = 70;
	objects = {

/* Begin PBXBuildFile section */
		9B84689D2DFF6E2700B9E3D7 /* StepsView.swift in Sources */ = {isa = PBXBuildFile; fileRef = 9B8468972DFF6E2700B9E3D7 /* StepsView.swift */; };
		9B8468BD2DFF8C0D00B9E3D7 /* CompactGoalCard.swift in Sources */ = {isa = PBXBuildFile; fileRef = 9B8468BC2DFF8C0D00B9E3D7 /* CompactGoalCard.swift */; };
		9BC644DA2C0F8A1500DBB7B5 /* Assets.xcassets in Resources */ = {isa = PBXBuildFile; fileRef = 9BC644D92C0F8A1500DBB7B5 /* Assets.xcassets */; };
		9BC644DD2C0F8A1500DBB7B5 /* Preview Assets.xcassets in Resources */ = {isa = PBXBuildFile; fileRef = 9BC644DC2C0F8A1500DBB7B5 /* Preview Assets.xcassets */; };
		9BC644E82C0F915C00DBB7B5 /* HealthKit.framework in Frameworks */ = {isa = PBXBuildFile; fileRef = 9BC644E72C0F915C00DBB7B5 /* HealthKit.framework */; };
		9BC644EA2C0F917100DBB7B5 /* HealthKitUI.framework in Frameworks */ = {isa = PBXBuildFile; fileRef = 9BC644E92C0F917100DBB7B5 /* HealthKitUI.framework */; };
		9BCC7E542DFDE0D8001F4E36 /* StepsCard.swift in Sources */ = {isa = PBXBuildFile; fileRef = 9BCC7E532DFDE0D8001F4E36 /* StepsCard.swift */; };
		9BDA8FB62DDA3C7A003F7172 /* DateRangeCalendar.swift in Sources */ = {isa = PBXBuildFile; fileRef = 9BDA8FB52DDA3C7A003F7172 /* DateRangeCalendar.swift */; };
/* End PBXBuildFile section */

/* Begin PBXFileReference section */
		9B8468972DFF6E2700B9E3D7 /* StepsView.swift */ = {isa = PBXFileReference; lastKnownFileType = sourcecode.swift; path = StepsView.swift; sourceTree = "<group>"; };
		9B8468BC2DFF8C0D00B9E3D7 /* CompactGoalCard.swift */ = {isa = PBXFileReference; lastKnownFileType = sourcecode.swift; path = CompactGoalCard.swift; sourceTree = "<group>"; };
		9BC644D22C0F8A1400DBB7B5 /* ToeSteps.app */ = {isa = PBXFileReference; explicitFileType = wrapper.application; includeInIndex = 0; path = ToeSteps.app; sourceTree = BUILT_PRODUCTS_DIR; };
		9BC644D92C0F8A1500DBB7B5 /* Assets.xcassets */ = {isa = PBXFileReference; lastKnownFileType = folder.assetcatalog; path = Assets.xcassets; sourceTree = "<group>"; };
		9BC644DC2C0F8A1500DBB7B5 /* Preview Assets.xcassets */ = {isa = PBXFileReference; lastKnownFileType = folder.assetcatalog; path = "Preview Assets.xcassets"; sourceTree = "<group>"; };
		9BC644E72C0F915C00DBB7B5 /* HealthKit.framework */ = {isa = PBXFileReference; lastKnownFileType = wrapper.framework; name = HealthKit.framework; path = System/Library/Frameworks/HealthKit.framework; sourceTree = SDKROOT; };
		9BC644E92C0F917100DBB7B5 /* HealthKitUI.framework */ = {isa = PBXFileReference; lastKnownFileType = wrapper.framework; name = HealthKitUI.framework; path = System/Library/Frameworks/HealthKitUI.framework; sourceTree = SDKROOT; };
		9BCC7E532DFDE0D8001F4E36 /* StepsCard.swift */ = {isa = PBXFileReference; lastKnownFileType = sourcecode.swift; path = StepsCard.swift; sourceTree = "<group>"; };
		9BDA8FB52DDA3C7A003F7172 /* DateRangeCalendar.swift */ = {isa = PBXFileReference; lastKnownFileType = sourcecode.swift; path = DateRangeCalendar.swift; sourceTree = "<group>"; };
		9BDA90222DDA4156003F7172 /* Info.plist */ = {isa = PBXFileReference; lastKnownFileType = text.plist; path = Info.plist; sourceTree = "<group>"; };
/* End PBXFileReference section */

/* Begin PBXFileSystemSynchronizedBuildFileExceptionSet section */
		9B8468A42DFF6E7300B9E3D7 /* PBXFileSystemSynchronizedBuildFileExceptionSet */ = {
			isa = PBXFileSystemSynchronizedBuildFileExceptionSet;
			membershipExceptions = (
				Model/GoalModel.swift,
				ViewModel/GoalManager.swift,
				Views/AddGoalView.swift,
				Views/EditGoalView.swift,
				Views/GoalDetailView.swift,
				Views/GoalsView.swift,
				Views/GoalTypeCard.swift,
				Views/StartCard.swift,
			);
			target = 9BC644D12C0F8A1400DBB7B5 /* ToeSteps */;
		};
		9B8468B52DFF8AB200B9E3D7 /* PBXFileSystemSynchronizedBuildFileExceptionSet */ = {
			isa = PBXFileSystemSynchronizedBuildFileExceptionSet;
			membershipExceptions = (
				ViewModel/StepsViewModel.swift,
			);
			target = 9BC644D12C0F8A1400DBB7B5 /* ToeSteps */;
		};
		9B8468B82DFF8B8300B9E3D7 /* PBXFileSystemSynchronizedBuildFileExceptionSet */ = {
			isa = PBXFileSystemSynchronizedBuildFileExceptionSet;
			membershipExceptions = (
				Views/AchievementDetailView.swift,
				Views/AchievementsCard.swift,
				Views/AchievementsView.swift,
				Views/CategoryButton.swift,
			);
			target = 9BC644D12C0F8A1400DBB7B5 /* ToeSteps */;
		};
		9B8468BB2DFF8B9900B9E3D7 /* PBXFileSystemSynchronizedBuildFileExceptionSet */ = {
			isa = PBXFileSystemSynchronizedBuildFileExceptionSet;
			membershipExceptions = (
				Views/InsightsView.swift,
			);
			target = 9BC644D12C0F8A1400DBB7B5 /* ToeSteps */;
		};
		9B8468BE2DFF8C7100B9E3D7 /* PBXFileSystemSynchronizedBuildFileExceptionSet */ = {
			isa = PBXFileSystemSynchronizedBuildFileExceptionSet;
			membershipExceptions = (
				Model/SocialManager.swift,
			);
			target = 9BC644D12C0F8A1400DBB7B5 /* ToeSteps */;
		};
		9BDA901A2DDA404B003F7172 /* PBXFileSystemSynchronizedBuildFileExceptionSet */ = {
			isa = PBXFileSystemSynchronizedBuildFileExceptionSet;
			membershipExceptions = (
				ColorExt.swift,
			);
			target = 9BC644D12C0F8A1400DBB7B5 /* ToeSteps */;
		};
		9BDA901E2DDA40A2003F7172 /* PBXFileSystemSynchronizedBuildFileExceptionSet */ = {
			isa = PBXFileSystemSynchronizedBuildFileExceptionSet;
			membershipExceptions = (
				AppConstants.swift,
			);
			target = 9BC644D12C0F8A1400DBB7B5 /* ToeSteps */;
		};
		9BDA90262DDA455D003F7172 /* PBXFileSystemSynchronizedBuildFileExceptionSet */ = {
			isa = PBXFileSystemSynchronizedBuildFileExceptionSet;
			membershipExceptions = (
				"BebasNeue-Regular.ttf",
				"LondrinaShadow-Regular.ttf",
			);
			target = 9BC644D12C0F8A1400DBB7B5 /* ToeSteps */;
		};
		9BDA90292DDA4716003F7172 /* PBXFileSystemSynchronizedBuildFileExceptionSet */ = {
			isa = PBXFileSystemSynchronizedBuildFileExceptionSet;
			membershipExceptions = (
				ToeStepsApp.swift,
			);
			target = 9BC644D12C0F8A1400DBB7B5 /* ToeSteps */;
		};
/* End PBXFileSystemSynchronizedBuildFileExceptionSet section */

/* Begin PBXFileSystemSynchronizedRootGroup section */
		9B84689E2DFF6E5300B9E3D7 /* Goals */ = {isa = PBXFileSystemSynchronizedRootGroup; exceptions = (9B8468A42DFF6E7300B9E3D7 /* PBXFileSystemSynchronizedBuildFileExceptionSet */, ); explicitFileTypes = {}; explicitFolders = (); path = Goals; sourceTree = "<group>"; };
		9B8468A72DFF6E9E00B9E3D7 /* Social */ = {isa = PBXFileSystemSynchronizedRootGroup; exceptions = (9B8468BE2DFF8C7100B9E3D7 /* PBXFileSystemSynchronizedBuildFileExceptionSet */, ); explicitFileTypes = {}; explicitFolders = (); path = Social; sourceTree = "<group>"; };
		9B8468AF2DFF8A8D00B9E3D7 /* Steps */ = {isa = PBXFileSystemSynchronizedRootGroup; exceptions = (9B8468B52DFF8AB200B9E3D7 /* PBXFileSystemSynchronizedBuildFileExceptionSet */, ); explicitFileTypes = {}; explicitFolders = (); path = Steps; sourceTree = "<group>"; };
		9B8468B62DFF8B7700B9E3D7 /* Achievements */ = {isa = PBXFileSystemSynchronizedRootGroup; exceptions = (9B8468B82DFF8B8300B9E3D7 /* PBXFileSystemSynchronizedBuildFileExceptionSet */, ); explicitFileTypes = {}; explicitFolders = (); path = Achievements; sourceTree = "<group>"; };
		9B8468B92DFF8B8E00B9E3D7 /* Insights */ = {isa = PBXFileSystemSynchronizedRootGroup; exceptions = (9B8468BB2DFF8B9900B9E3D7 /* PBXFileSystemSynchronizedBuildFileExceptionSet */, ); explicitFileTypes = {}; explicitFolders = (); path = Insights; sourceTree = "<group>"; };
		9BDA90132DDA4000003F7172 /* LoadScreen */ = {isa = PBXFileSystemSynchronizedRootGroup; explicitFileTypes = {}; explicitFolders = (); path = LoadScreen; sourceTree = "<group>"; };
		9BDA90182DDA4030003F7172 /* Ext */ = {isa = PBXFileSystemSynchronizedRootGroup; exceptions = (9BDA901A2DDA404B003F7172 /* PBXFileSystemSynchronizedBuildFileExceptionSet */, ); explicitFileTypes = {}; explicitFolders = (); path = Ext; sourceTree = "<group>"; };
		9BDA901C2DDA408F003F7172 /* Data */ = {isa = PBXFileSystemSynchronizedRootGroup; exceptions = (9BDA901E2DDA40A2003F7172 /* PBXFileSystemSynchronizedBuildFileExceptionSet */, ); explicitFileTypes = {}; explicitFolders = (); path = Data; sourceTree = "<group>"; };
		9BDA90212DDA40D2003F7172 /* Fonts */ = {isa = PBXFileSystemSynchronizedRootGroup; exceptions = (9BDA90262DDA455D003F7172 /* PBXFileSystemSynchronizedBuildFileExceptionSet */, ); explicitFileTypes = {}; explicitFolders = (); path = Fonts; sourceTree = "<group>"; };
		9BDA90282DDA470F003F7172 /* App */ = {isa = PBXFileSystemSynchronizedRootGroup; exceptions = (9BDA90292DDA4716003F7172 /* PBXFileSystemSynchronizedBuildFileExceptionSet */, ); explicitFileTypes = {}; explicitFolders = (); path = App; sourceTree = "<group>"; };
/* End PBXFileSystemSynchronizedRootGroup section */

/* Begin PBXFrameworksBuildPhase section */
		9BC644CF2C0F8A1400DBB7B5 /* Frameworks */ = {
			isa = PBXFrameworksBuildPhase;
			buildActionMask = 2147483647;
			files = (
				9BC644E82C0F915C00DBB7B5 /* HealthKit.framework in Frameworks */,
				9BC644EA2C0F917100DBB7B5 /* HealthKitUI.framework in Frameworks */,
			);
			runOnlyForDeploymentPostprocessing = 0;
		};
/* End PBXFrameworksBuildPhase section */

/* Begin PBXGroup section */
		9BC644C92C0F8A1400DBB7B5 = {
			isa = PBXGroup;
			children = (
				9BC644D42C0F8A1400DBB7B5 /* ToeSteps */,
				9BC644D32C0F8A1400DBB7B5 /* Products */,
				9BC644E62C0F915C00DBB7B5 /* Frameworks */,
			);
			sourceTree = "<group>";
		};
		9BC644D32C0F8A1400DBB7B5 /* Products */ = {
			isa = PBXGroup;
			children = (
				9BC644D22C0F8A1400DBB7B5 /* ToeSteps.app */,
			);
			name = Products;
			sourceTree = "<group>";
		};
		9BC644D42C0F8A1400DBB7B5 /* ToeSteps */ = {
			isa = PBXGroup;
			children = (
				9B8468B62DFF8B7700B9E3D7 /* Achievements */,
				9BDA90282DDA470F003F7172 /* App */,
				9BC644D92C0F8A1500DBB7B5 /* Assets.xcassets */,
				9BDA901C2DDA408F003F7172 /* Data */,
				9BDA90182DDA4030003F7172 /* Ext */,
				9BDA90212DDA40D2003F7172 /* Fonts */,
				9B84689E2DFF6E5300B9E3D7 /* Goals */,
				9BDA90222DDA4156003F7172 /* Info.plist */,
				9B8468B92DFF8B8E00B9E3D7 /* Insights */,
				9BC644DB2C0F8A1500DBB7B5 /* Preview Content */,
				9B8468A72DFF6E9E00B9E3D7 /* Social */,
				9B8468AF2DFF8A8D00B9E3D7 /* Steps */,
				9BC644E32C0F8BCF00DBB7B5 /* Views */,
			);
			path = ToeSteps;
			sourceTree = "<group>";
		};
		9BC644DB2C0F8A1500DBB7B5 /* Preview Content */ = {
			isa = PBXGroup;
			children = (
				9BC644DC2C0F8A1500DBB7B5 /* Preview Assets.xcassets */,
			);
			path = "Preview Content";
			sourceTree = "<group>";
		};
		9BC644E32C0F8BCF00DBB7B5 /* Views */ = {
			isa = PBXGroup;
			children = (
				9BDA8FB52DDA3C7A003F7172 /* DateRangeCalendar.swift */,
				9BDA90132DDA4000003F7172 /* LoadScreen */,
				9BCC7E532DFDE0D8001F4E36 /* StepsCard.swift */,
				9B8468972DFF6E2700B9E3D7 /* StepsView.swift */,
				9B8468BC2DFF8C0D00B9E3D7 /* CompactGoalCard.swift */,
			);
			path = Views;
			sourceTree = "<group>";
		};
		9BC644E62C0F915C00DBB7B5 /* Frameworks */ = {
			isa = PBXGroup;
			children = (
				9BC644E92C0F917100DBB7B5 /* HealthKitUI.framework */,
				9BC644E72C0F915C00DBB7B5 /* HealthKit.framework */,
			);
			name = Frameworks;
			sourceTree = "<group>";
		};
/* End PBXGroup section */

/* Begin PBXNativeTarget section */
		9BC644D12C0F8A1400DBB7B5 /* ToeSteps */ = {
			isa = PBXNativeTarget;
			buildConfigurationList = 9BC644E02C0F8A1500DBB7B5 /* Build configuration list for PBXNativeTarget "ToeSteps" */;
			buildPhases = (
				9BC644CE2C0F8A1400DBB7B5 /* Sources */,
				9BC644CF2C0F8A1400DBB7B5 /* Frameworks */,
				9BC644D02C0F8A1400DBB7B5 /* Resources */,
			);
			buildRules = (
			);
			dependencies = (
			);
			fileSystemSynchronizedGroups = (
				9BDA90132DDA4000003F7172 /* LoadScreen */,
			);
			name = ToeSteps;
			productName = ToeSteps;
			productReference = 9BC644D22C0F8A1400DBB7B5 /* ToeSteps.app */;
			productType = "com.apple.product-type.application";
		};
/* End PBXNativeTarget section */

/* Begin PBXProject section */
		9BC644CA2C0F8A1400DBB7B5 /* Project object */ = {
			isa = PBXProject;
			attributes = {
				BuildIndependentTargetsInParallel = 1;
				LastSwiftUpdateCheck = 1540;
				LastUpgradeCheck = 1540;
				TargetAttributes = {
					9BC644D12C0F8A1400DBB7B5 = {
						CreatedOnToolsVersion = 15.4;
					};
				};
			};
			buildConfigurationList = 9BC644CD2C0F8A1400DBB7B5 /* Build configuration list for PBXProject "ToeSteps" */;
			compatibilityVersion = "Xcode 14.0";
			developmentRegion = en;
			hasScannedForEncodings = 0;
			knownRegions = (
				en,
				Base,
			);
			mainGroup = 9BC644C92C0F8A1400DBB7B5;
			productRefGroup = 9BC644D32C0F8A1400DBB7B5 /* Products */;
			projectDirPath = "";
			projectRoot = "";
			targets = (
				9BC644D12C0F8A1400DBB7B5 /* ToeSteps */,
			);
		};
/* End PBXProject section */

/* Begin PBXResourcesBuildPhase section */
		9BC644D02C0F8A1400DBB7B5 /* Resources */ = {
			isa = PBXResourcesBuildPhase;
			buildActionMask = 2147483647;
			files = (
				9BC644DD2C0F8A1500DBB7B5 /* Preview Assets.xcassets in Resources */,
				9BC644DA2C0F8A1500DBB7B5 /* Assets.xcassets in Resources */,
			);
			runOnlyForDeploymentPostprocessing = 0;
		};
/* End PBXResourcesBuildPhase section */

/* Begin PBXSourcesBuildPhase section */
		9BC644CE2C0F8A1400DBB7B5 /* Sources */ = {
			isa = PBXSourcesBuildPhase;
			buildActionMask = 2147483647;
			files = (
				9BCC7E542DFDE0D8001F4E36 /* StepsCard.swift in Sources */,
				9B8468BD2DFF8C0D00B9E3D7 /* CompactGoalCard.swift in Sources */,
				9B84689D2DFF6E2700B9E3D7 /* StepsView.swift in Sources */,
				9BDA8FB62DDA3C7A003F7172 /* DateRangeCalendar.swift in Sources */,
			);
			runOnlyForDeploymentPostprocessing = 0;
		};
/* End PBXSourcesBuildPhase section */

/* Begin XCBuildConfiguration section */
		9BC644DE2C0F8A1500DBB7B5 /* Debug */ = {
			isa = XCBuildConfiguration;
			buildSettings = {
				ALWAYS_SEARCH_USER_PATHS = NO;
				ASSETCATALOG_COMPILER_GENERATE_SWIFT_ASSET_SYMBOL_EXTENSIONS = YES;
				CLANG_ANALYZER_NONNULL = YES;
				CLANG_ANALYZER_NUMBER_OBJECT_CONVERSION = YES_AGGRESSIVE;
				CLANG_CXX_LANGUAGE_STANDARD = "gnu++20";
				CLANG_ENABLE_MODULES = YES;
				CLANG_ENABLE_OBJC_ARC = YES;
				CLANG_ENABLE_OBJC_WEAK = YES;
				CLANG_WARN_BLOCK_CAPTURE_AUTORELEASING = YES;
				CLANG_WARN_BOOL_CONVERSION = YES;
				CLANG_WARN_COMMA = YES;
				CLANG_WARN_CONSTANT_CONVERSION = YES;
				CLANG_WARN_DEPRECATED_OBJC_IMPLEMENTATIONS = YES;
				CLANG_WARN_DIRECT_OBJC_ISA_USAGE = YES_ERROR;
				CLANG_WARN_DOCUMENTATION_COMMENTS = YES;
				CLANG_WARN_EMPTY_BODY = YES;
				CLANG_WARN_ENUM_CONVERSION = YES;
				CLANG_WARN_INFINITE_RECURSION = YES;
				CLANG_WARN_INT_CONVERSION = YES;
				CLANG_WARN_NON_LITERAL_NULL_CONVERSION = YES;
				CLANG_WARN_OBJC_IMPLICIT_RETAIN_SELF = YES;
				CLANG_WARN_OBJC_LITERAL_CONVERSION = YES;
				CLANG_WARN_OBJC_ROOT_CLASS = YES_ERROR;
				CLANG_WARN_QUOTED_INCLUDE_IN_FRAMEWORK_HEADER = YES;
				CLANG_WARN_RANGE_LOOP_ANALYSIS = YES;
				CLANG_WARN_STRICT_PROTOTYPES = YES;
				CLANG_WARN_SUSPICIOUS_MOVE = YES;
				CLANG_WARN_UNGUARDED_AVAILABILITY = YES_AGGRESSIVE;
				CLANG_WARN_UNREACHABLE_CODE = YES;
				CLANG_WARN__DUPLICATE_METHOD_MATCH = YES;
				COPY_PHASE_STRIP = NO;
				DEBUG_INFORMATION_FORMAT = dwarf;
				ENABLE_STRICT_OBJC_MSGSEND = YES;
				ENABLE_TESTABILITY = YES;
				ENABLE_USER_SCRIPT_SANDBOXING = YES;
				GCC_C_LANGUAGE_STANDARD = gnu17;
				GCC_DYNAMIC_NO_PIC = NO;
				GCC_NO_COMMON_BLOCKS = YES;
				GCC_OPTIMIZATION_LEVEL = 0;
				GCC_PREPROCESSOR_DEFINITIONS = (
					"DEBUG=1",
					"$(inherited)",
				);
				GCC_WARN_64_TO_32_BIT_CONVERSION = YES;
				GCC_WARN_ABOUT_RETURN_TYPE = YES_ERROR;
				GCC_WARN_UNDECLARED_SELECTOR = YES;
				GCC_WARN_UNINITIALIZED_AUTOS = YES_AGGRESSIVE;
				GCC_WARN_UNUSED_FUNCTION = YES;
				GCC_WARN_UNUSED_VARIABLE = YES;
				IPHONEOS_DEPLOYMENT_TARGET = 17.5;
				LOCALIZATION_PREFERS_STRING_CATALOGS = YES;
				MTL_ENABLE_DEBUG_INFO = INCLUDE_SOURCE;
				MTL_FAST_MATH = YES;
				ONLY_ACTIVE_ARCH = YES;
				SDKROOT = iphoneos;
				SWIFT_ACTIVE_COMPILATION_CONDITIONS = "DEBUG $(inherited)";
				SWIFT_OPTIMIZATION_LEVEL = "-Onone";
			};
			name = Debug;
		};
		9BC644DF2C0F8A1500DBB7B5 /* Release */ = {
			isa = XCBuildConfiguration;
			buildSettings = {
				ALWAYS_SEARCH_USER_PATHS = NO;
				ASSETCATALOG_COMPILER_GENERATE_SWIFT_ASSET_SYMBOL_EXTENSIONS = YES;
				CLANG_ANALYZER_NONNULL = YES;
				CLANG_ANALYZER_NUMBER_OBJECT_CONVERSION = YES_AGGRESSIVE;
				CLANG_CXX_LANGUAGE_STANDARD = "gnu++20";
				CLANG_ENABLE_MODULES = YES;
				CLANG_ENABLE_OBJC_ARC = YES;
				CLANG_ENABLE_OBJC_WEAK = YES;
				CLANG_WARN_BLOCK_CAPTURE_AUTORELEASING = YES;
				CLANG_WARN_BOOL_CONVERSION = YES;
				CLANG_WARN_COMMA = YES;
				CLANG_WARN_CONSTANT_CONVERSION = YES;
				CLANG_WARN_DEPRECATED_OBJC_IMPLEMENTATIONS = YES;
				CLANG_WARN_DIRECT_OBJC_ISA_USAGE = YES_ERROR;
				CLANG_WARN_DOCUMENTATION_COMMENTS = YES;
				CLANG_WARN_EMPTY_BODY = YES;
				CLANG_WARN_ENUM_CONVERSION = YES;
				CLANG_WARN_INFINITE_RECURSION = YES;
				CLANG_WARN_INT_CONVERSION = YES;
				CLANG_WARN_NON_LITERAL_NULL_CONVERSION = YES;
				CLANG_WARN_OBJC_IMPLICIT_RETAIN_SELF = YES;
				CLANG_WARN_OBJC_LITERAL_CONVERSION = YES;
				CLANG_WARN_OBJC_ROOT_CLASS = YES_ERROR;
				CLANG_WARN_QUOTED_INCLUDE_IN_FRAMEWORK_HEADER = YES;
				CLANG_WARN_RANGE_LOOP_ANALYSIS = YES;
				CLANG_WARN_STRICT_PROTOTYPES = YES;
				CLANG_WARN_SUSPICIOUS_MOVE = YES;
				CLANG_WARN_UNGUARDED_AVAILABILITY = YES_AGGRESSIVE;
				CLANG_WARN_UNREACHABLE_CODE = YES;
				CLANG_WARN__DUPLICATE_METHOD_MATCH = YES;
				COPY_PHASE_STRIP = NO;
				DEBUG_INFORMATION_FORMAT = "dwarf-with-dsym";
				ENABLE_NS_ASSERTIONS = NO;
				ENABLE_STRICT_OBJC_MSGSEND = YES;
				ENABLE_USER_SCRIPT_SANDBOXING = YES;
				GCC_C_LANGUAGE_STANDARD = gnu17;
				GCC_NO_COMMON_BLOCKS = YES;
				GCC_WARN_64_TO_32_BIT_CONVERSION = YES;
				GCC_WARN_ABOUT_RETURN_TYPE = YES_ERROR;
				GCC_WARN_UNDECLARED_SELECTOR = YES;
				GCC_WARN_UNINITIALIZED_AUTOS = YES_AGGRESSIVE;
				GCC_WARN_UNUSED_FUNCTION = YES;
				GCC_WARN_UNUSED_VARIABLE = YES;
				IPHONEOS_DEPLOYMENT_TARGET = 17.5;
				LOCALIZATION_PREFERS_STRING_CATALOGS = YES;
				MTL_ENABLE_DEBUG_INFO = NO;
				MTL_FAST_MATH = YES;
				SDKROOT = iphoneos;
				SWIFT_COMPILATION_MODE = wholemodule;
				VALIDATE_PRODUCT = YES;
			};
			name = Release;
		};
		9BC644E12C0F8A1500DBB7B5 /* Debug */ = {
			isa = XCBuildConfiguration;
			buildSettings = {
				ASSETCATALOG_COMPILER_APPICON_NAME = AppIcon;
				ASSETCATALOG_COMPILER_GLOBAL_ACCENT_COLOR_NAME = AccentColor;
				CODE_SIGN_ENTITLEMENTS = ToeSteps/ToeSteps.entitlements;
				CODE_SIGN_STYLE = Automatic;
				CURRENT_PROJECT_VERSION = 1;
				DEVELOPMENT_ASSET_PATHS = "\"ToeSteps/Preview Content\"";
				DEVELOPMENT_TEAM = KP3ZH5K2SY;
				ENABLE_PREVIEWS = YES;
				GENERATE_INFOPLIST_FILE = YES;
				INFOPLIST_FILE = ToeSteps/Info.plist;
				INFOPLIST_KEY_ITSAppUsesNonExemptEncryption = NO;
				INFOPLIST_KEY_LSApplicationCategoryType = "public.app-category.healthcare-fitness";
				INFOPLIST_KEY_NSHealthShareUsageDescription = "ToeSteps displays your daily step count and walking activity from Apple Health. This data is used to show your progress over time and help you track your fitness goals. Your health data never leaves your device and is only used for display purposes.";
				INFOPLIST_KEY_NSHealthUpdateUsageDescription = "ToeSteps may update your Health data with step information to keep your records synchronized and accurate.";
				INFOPLIST_KEY_UIApplicationSceneManifest_Generation = YES;
				INFOPLIST_KEY_UIApplicationSupportsIndirectInputEvents = YES;
				INFOPLIST_KEY_UILaunchScreen_Generation = YES;
				INFOPLIST_KEY_UISupportedInterfaceOrientations = UIInterfaceOrientationPortrait;
				INFOPLIST_KEY_UISupportedInterfaceOrientations_iPad = "UIInterfaceOrientationLandscapeLeft UIInterfaceOrientationLandscapeRight";
				IPHONEOS_DEPLOYMENT_TARGET = 18.0;
				LD_RUNPATH_SEARCH_PATHS = (
					"$(inherited)",
					"@executable_path/Frameworks",
				);
				MARKETING_VERSION = 3.1;
				PRODUCT_BUNDLE_IDENTIFIER = com.grantperry.ToeSteps;
				PRODUCT_NAME = "$(TARGET_NAME)";
				SWIFT_EMIT_LOC_STRINGS = YES;
				SWIFT_VERSION = 5.0;
				TARGETED_DEVICE_FAMILY = 1;
			};
			name = Debug;
		};
		9BC644E22C0F8A1500DBB7B5 /* Release */ = {
			isa = XCBuildConfiguration;
			buildSettings = {
				ASSETCATALOG_COMPILER_APPICON_NAME = AppIcon;
				ASSETCATALOG_COMPILER_GLOBAL_ACCENT_COLOR_NAME = AccentColor;
				CODE_SIGN_ENTITLEMENTS = ToeSteps/ToeSteps.entitlements;
				CODE_SIGN_STYLE = Automatic;
				CURRENT_PROJECT_VERSION = 1;
				DEVELOPMENT_ASSET_PATHS = "\"ToeSteps/Preview Content\"";
				DEVELOPMENT_TEAM = KP3ZH5K2SY;
				ENABLE_PREVIEWS = YES;
				GENERATE_INFOPLIST_FILE = YES;
				INFOPLIST_FILE = ToeSteps/Info.plist;
				INFOPLIST_KEY_ITSAppUsesNonExemptEncryption = NO;
				INFOPLIST_KEY_LSApplicationCategoryType = "public.app-category.healthcare-fitness";
				INFOPLIST_KEY_NSHealthShareUsageDescription = "ToeSteps displays your daily step count and walking activity from Apple Health. This data is used to show your progress over time and help you track your fitness goals. Your health data never leaves your device and is only used for display purposes.";
				INFOPLIST_KEY_NSHealthUpdateUsageDescription = "ToeSteps may update your Health data with step information to keep your records synchronized and accurate.";
				INFOPLIST_KEY_UIApplicationSceneManifest_Generation = YES;
				INFOPLIST_KEY_UIApplicationSupportsIndirectInputEvents = YES;
				INFOPLIST_KEY_UILaunchScreen_Generation = YES;
				INFOPLIST_KEY_UISupportedInterfaceOrientations = UIInterfaceOrientationPortrait;
				INFOPLIST_KEY_UISupportedInterfaceOrientations_iPad = "UIInterfaceOrientationLandscapeLeft UIInterfaceOrientationLandscapeRight";
				IPHONEOS_DEPLOYMENT_TARGET = 18.0;
				LD_RUNPATH_SEARCH_PATHS = (
					"$(inherited)",
					"@executable_path/Frameworks",
				);
				MARKETING_VERSION = 3.1;
				PRODUCT_BUNDLE_IDENTIFIER = com.grantperry.ToeSteps;
				PRODUCT_NAME = "$(TARGET_NAME)";
				SWIFT_EMIT_LOC_STRINGS = YES;
				SWIFT_VERSION = 5.0;
				TARGETED_DEVICE_FAMILY = 1;
			};
			name = Release;
		};
/* End XCBuildConfiguration section */

/* Begin XCConfigurationList section */
		9BC644CD2C0F8A1400DBB7B5 /* Build configuration list for PBXProject "ToeSteps" */ = {
			isa = XCConfigurationList;
			buildConfigurations = (
				9BC644DE2C0F8A1500DBB7B5 /* Debug */,
				9BC644DF2C0F8A1500DBB7B5 /* Release */,
			);
			defaultConfigurationIsVisible = 0;
			defaultConfigurationName = Release;
		};
		9BC644E02C0F8A1500DBB7B5 /* Build configuration list for PBXNativeTarget "ToeSteps" */ = {
			isa = XCConfigurationList;
			buildConfigurations = (
				9BC644E12C0F8A1500DBB7B5 /* Debug */,
				9BC644E22C0F8A1500DBB7B5 /* Release */,
			);
			defaultConfigurationIsVisible = 0;
			defaultConfigurationName = Release;
		};
/* End XCConfigurationList section */
	};
	rootObject = 9BC644CA2C0F8A1400DBB7B5 /* Project object */;
}
